// !$*UTF8*$!
{
	archiveVersion = 1;
	classes = {
	};
	objectVersion = 55;
	objects = {

/* Begin PBXBuildFile section */
		EC23894E285BE40A00D5CF2A /* CollectionViewController.swift in Sources */ = {isa = PBXBuildFile; fileRef = EC23894D285BE40A00D5CF2A /* CollectionViewController.swift */; };
		ECBDDC6A285B1EC400CBDECA /* ProcessViewController.swift in Sources */ = {isa = PBXBuildFile; fileRef = ECBDDC69285B1EC400CBDECA /* ProcessViewController.swift */; };
		ECD604822859A17600499BFF /* AppDelegate.swift in Sources */ = {isa = PBXBuildFile; fileRef = ECD604812859A17600499BFF /* AppDelegate.swift */; };
		ECD604842859A17600499BFF /* SceneDelegate.swift in Sources */ = {isa = PBXBuildFile; fileRef = ECD604832859A17600499BFF /* SceneDelegate.swift */; };
		ECD604862859A17600499BFF /* ViewController.swift in Sources */ = {isa = PBXBuildFile; fileRef = ECD604852859A17600499BFF /* ViewController.swift */; };
		ECD604892859A17600499BFF /* Main.storyboard in Resources */ = {isa = PBXBuildFile; fileRef = ECD604872859A17600499BFF /* Main.storyboard */; };
		ECD6048C2859A17600499BFF /* Estee_Lauder_Challenge.xcdatamodeld in Sources */ = {isa = PBXBuildFile; fileRef = ECD6048A2859A17600499BFF /* Estee_Lauder_Challenge.xcdatamodeld */; };
		ECD6048E2859A17700499BFF /* Assets.xcassets in Resources */ = {isa = PBXBuildFile; fileRef = ECD6048D2859A17700499BFF /* Assets.xcassets */; };
		ECD604912859A17700499BFF /* LaunchScreen.storyboard in Resources */ = {isa = PBXBuildFile; fileRef = ECD6048F2859A17700499BFF /* LaunchScreen.storyboard */; };
/* End PBXBuildFile section */

/* Begin PBXFileReference section */
		EC23894D285BE40A00D5CF2A /* CollectionViewController.swift */ = {isa = PBXFileReference; lastKnownFileType = sourcecode.swift; path = CollectionViewController.swift; sourceTree = "<group>"; };
		ECBDDC69285B1EC400CBDECA /* ProcessViewController.swift */ = {isa = PBXFileReference; lastKnownFileType = sourcecode.swift; path = ProcessViewController.swift; sourceTree = "<group>"; };
		ECD6047E2859A17600499BFF /* Estee Lauder Challenge.app */ = {isa = PBXFileReference; explicitFileType = wrapper.application; includeInIndex = 0; path = "Estee Lauder Challenge.app"; sourceTree = BUILT_PRODUCTS_DIR; };
		ECD604812859A17600499BFF /* AppDelegate.swift */ = {isa = PBXFileReference; lastKnownFileType = sourcecode.swift; path = AppDelegate.swift; sourceTree = "<group>"; };
		ECD604832859A17600499BFF /* SceneDelegate.swift */ = {isa = PBXFileReference; lastKnownFileType = sourcecode.swift; path = SceneDelegate.swift; sourceTree = "<group>"; };
		ECD604852859A17600499BFF /* ViewController.swift */ = {isa = PBXFileReference; lastKnownFileType = sourcecode.swift; path = ViewController.swift; sourceTree = "<group>"; };
		ECD604882859A17600499BFF /* Base */ = {isa = PBXFileReference; lastKnownFileType = file.storyboard; name = Base; path = Base.lproj/Main.storyboard; sourceTree = "<group>"; };
		ECD6048B2859A17600499BFF /* Estee_Lauder_Challenge.xcdatamodel */ = {isa = PBXFileReference; lastKnownFileType = wrapper.xcdatamodel; path = Estee_Lauder_Challenge.xcdatamodel; sourceTree = "<group>"; };
		ECD6048D2859A17700499BFF /* Assets.xcassets */ = {isa = PBXFileReference; lastKnownFileType = folder.assetcatalog; path = Assets.xcassets; sourceTree = "<group>"; };
		ECD604902859A17700499BFF /* Base */ = {isa = PBXFileReference; lastKnownFileType = file.storyboard; name = Base; path = Base.lproj/LaunchScreen.storyboard; sourceTree = "<group>"; };
		ECD604922859A17700499BFF /* Info.plist */ = {isa = PBXFileReference; lastKnownFileType = text.plist.xml; path = Info.plist; sourceTree = "<group>"; };
/* End PBXFileReference section */

/* Begin PBXFrameworksBuildPhase section */
		ECD6047B2859A17600499BFF /* Frameworks */ = {
			isa = PBXFrameworksBuildPhase;
			buildActionMask = 2147483647;
			files = (
			);
			runOnlyForDeploymentPostprocessing = 0;
		};
/* End PBXFrameworksBuildPhase section */

/* Begin PBXGroup section */
		ECD604752859A17600499BFF = {
			isa = PBXGroup;
			children = (
				ECD604802859A17600499BFF /* Estee Lauder Challenge */,
				ECD6047F2859A17600499BFF /* Products */,
			);
			sourceTree = "<group>";
		};
		ECD6047F2859A17600499BFF /* Products */ = {
			isa = PBXGroup;
			children = (
				ECD6047E2859A17600499BFF /* Estee Lauder Challenge.app */,
			);
			name = Products;
			sourceTree = "<group>";
		};
		ECD604802859A17600499BFF /* Estee Lauder Challenge */ = {
			isa = PBXGroup;
			children = (
				ECD604812859A17600499BFF /* AppDelegate.swift */,
				ECD604832859A17600499BFF /* SceneDelegate.swift */,
				ECD604852859A17600499BFF /* ViewController.swift */,
				ECD604872859A17600499BFF /* Main.storyboard */,
				EC23894D285BE40A00D5CF2A /* CollectionViewController.swift */,
				ECBDDC69285B1EC400CBDECA /* ProcessViewController.swift */,
				ECD6048D2859A17700499BFF /* Assets.xcassets */,
				ECD6048F2859A17700499BFF /* LaunchScreen.storyboard */,
				ECD604922859A17700499BFF /* Info.plist */,
				ECD6048A2859A17600499BFF /* Estee_Lauder_Challenge.xcdatamodeld */,
			);
			path = "Estee Lauder Challenge";
			sourceTree = "<group>";
		};
/* End PBXGroup section */

/* Begin PBXNativeTarget section */
		ECD6047D2859A17600499BFF /* Estee Lauder Challenge */ = {
			isa = PBXNativeTarget;
			buildConfigurationList = ECD604952859A17700499BFF /* Build configuration list for PBXNativeTarget "Estee Lauder Challenge" */;
			buildPhases = (
				ECD6047A2859A17600499BFF /* Sources */,
				ECD6047B2859A17600499BFF /* Frameworks */,
				ECD6047C2859A17600499BFF /* Resources */,
			);
			buildRules = (
			);
			dependencies = (
			);
			name = "Estee Lauder Challenge";
			productName = "Estee Lauder Challenge";
			productReference = ECD6047E2859A17600499BFF /* Estee Lauder Challenge.app */;
			productType = "com.apple.product-type.application";
		};
/* End PBXNativeTarget section */

/* Begin PBXProject section */
		ECD604762859A17600499BFF /* Project object */ = {
			isa = PBXProject;
			attributes = {
				BuildIndependentTargetsInParallel = 1;
				LastSwiftUpdateCheck = 1340;
				LastUpgradeCheck = 1340;
				TargetAttributes = {
					ECD6047D2859A17600499BFF = {
						CreatedOnToolsVersion = 13.4.1;
					};
				};
			};
			buildConfigurationList = ECD604792859A17600499BFF /* Build configuration list for PBXProject "Estee Lauder Challenge" */;
			compatibilityVersion = "Xcode 13.0";
			developmentRegion = en;
			hasScannedForEncodings = 0;
			knownRegions = (
				en,
				Base,
			);
			mainGroup = ECD604752859A17600499BFF;
			productRefGroup = ECD6047F2859A17600499BFF /* Products */;
			projectDirPath = "";
			projectRoot = "";
			targets = (
				ECD6047D2859A17600499BFF /* Estee Lauder Challenge */,
			);
		};
/* End PBXProject section */

/* Begin PBXResourcesBuildPhase section */
		ECD6047C2859A17600499BFF /* Resources */ = {
			isa = PBXResourcesBuildPhase;
			buildActionMask = 2147483647;
			files = (
				ECD604912859A17700499BFF /* LaunchScreen.storyboard in Resources */,
				ECD6048E2859A17700499BFF /* Assets.xcassets in Resources */,
				ECD604892859A17600499BFF /* Main.storyboard in Resources */,
			);
			runOnlyForDeploymentPostprocessing = 0;
		};
/* End PBXResourcesBuildPhase section */

/* Begin PBXSourcesBuildPhase section */
		ECD6047A2859A17600499BFF /* Sources */ = {
			isa = PBXSourcesBuildPhase;
			buildActionMask = 2147483647;
			files = (
				EC23894E285BE40A00D5CF2A /* CollectionViewController.swift in Sources */,
				ECD604862859A17600499BFF /* ViewController.swift in Sources */,
				ECBDDC6A285B1EC400CBDECA /* ProcessViewController.swift in Sources */,
				ECD604822859A17600499BFF /* AppDelegate.swift in Sources */,
				ECD604842859A17600499BFF /* SceneDelegate.swift in Sources */,
				ECD6048C2859A17600499BFF /* Estee_Lauder_Challenge.xcdatamodeld in Sources */,
			);
			runOnlyForDeploymentPostprocessing = 0;
		};
/* End PBXSourcesBuildPhase section */

/* Begin PBXVariantGroup section */
		ECD604872859A17600499BFF /* Main.storyboard */ = {
			isa = PBXVariantGroup;
			children = (
				ECD604882859A17600499BFF /* Base */,
			);
			name = Main.storyboard;
			sourceTree = "<group>";
		};
		ECD6048F2859A17700499BFF /* LaunchScreen.storyboard */ = {
			isa = PBXVariantGroup;
			children = (
				ECD604902859A17700499BFF /* Base */,
			);
			name = LaunchScreen.storyboard;
			sourceTree = "<group>";
		};
/* End PBXVariantGroup section */

/* Begin XCBuildConfiguration section */
		ECD604932859A17700499BFF /* Debug */ = {
			isa = XCBuildConfiguration;
			buildSettings = {
				ALWAYS_SEARCH_USER_PATHS = NO;
				CLANG_ANALYZER_NONNULL = YES;
				CLANG_ANALYZER_NUMBER_OBJECT_CONVERSION = YES_AGGRESSIVE;
				CLANG_CXX_LANGUAGE_STANDARD = "gnu++17";
				CLANG_ENABLE_MODULES = YES;
				CLANG_ENABLE_OBJC_ARC = YES;
				CLANG_ENABLE_OBJC_WEAK = YES;
				CLANG_WARN_BLOCK_CAPTURE_AUTORELEASING = YES;
				CLANG_WARN_BOOL_CONVERSION = YES;
				CLANG_WARN_COMMA = YES;
				CLANG_WARN_CONSTANT_CONVERSION = YES;
				CLANG_WARN_DEPRECATED_OBJC_IMPLEMENTATIONS = YES;
				CLANG_WARN_DIRECT_OBJC_ISA_USAGE = YES_ERROR;
				CLANG_WARN_DOCUMENTATION_COMMENTS = YES;
				CLANG_WARN_EMPTY_BODY = YES;
				CLANG_WARN_ENUM_CONVERSION = YES;
				CLANG_WARN_INFINITE_RECURSION = YES;
				CLANG_WARN_INT_CONVERSION = YES;
				CLANG_WARN_NON_LITERAL_NULL_CONVERSION = YES;
				CLANG_WARN_OBJC_IMPLICIT_RETAIN_SELF = YES;
				CLANG_WARN_OBJC_LITERAL_CONVERSION = YES;
				CLANG_WARN_OBJC_ROOT_CLASS = YES_ERROR;
				CLANG_WARN_QUOTED_INCLUDE_IN_FRAMEWORK_HEADER = YES;
				CLANG_WARN_RANGE_LOOP_ANALYSIS = YES;
				CLANG_WARN_STRICT_PROTOTYPES = YES;
				CLANG_WARN_SUSPICIOUS_MOVE = YES;
				CLANG_WARN_UNGUARDED_AVAILABILITY = YES_AGGRESSIVE;
				CLANG_WARN_UNREACHABLE_CODE = YES;
				CLANG_WARN__DUPLICATE_METHOD_MATCH = YES;
				COPY_PHASE_STRIP = NO;
				DEBUG_INFORMATION_FORMAT = dwarf;
				ENABLE_STRICT_OBJC_MSGSEND = YES;
				ENABLE_TESTABILITY = YES;
				GCC_C_LANGUAGE_STANDARD = gnu11;
				GCC_DYNAMIC_NO_PIC = NO;
				GCC_NO_COMMON_BLOCKS = YES;
				GCC_OPTIMIZATION_LEVEL = 0;
				GCC_PREPROCESSOR_DEFINITIONS = (
					"DEBUG=1",
					"$(inherited)",
				);
				GCC_WARN_64_TO_32_BIT_CONVERSION = YES;
				GCC_WARN_ABOUT_RETURN_TYPE = YES_ERROR;
				GCC_WARN_UNDECLARED_SELECTOR = YES;
				GCC_WARN_UNINITIALIZED_AUTOS = YES_AGGRESSIVE;
				GCC_WARN_UNUSED_FUNCTION = YES;
				GCC_WARN_UNUSED_VARIABLE = YES;
				IPHONEOS_DEPLOYMENT_TARGET = 15.5;
				MTL_ENABLE_DEBUG_INFO = INCLUDE_SOURCE;
				MTL_FAST_MATH = YES;
				ONLY_ACTIVE_ARCH = YES;
				SDKROOT = iphoneos;
				SWIFT_ACTIVE_COMPILATION_CONDITIONS = DEBUG;
				SWIFT_OPTIMIZATION_LEVEL = "-Onone";
			};
			name = Debug;
		};
		ECD604942859A17700499BFF /* Release */ = {
			isa = XCBuildConfiguration;
			buildSettings = {
				ALWAYS_SEARCH_USER_PATHS = NO;
				CLANG_ANALYZER_NONNULL = YES;
				CLANG_ANALYZER_NUMBER_OBJECT_CONVERSION = YES_AGGRESSIVE;
				CLANG_CXX_LANGUAGE_STANDARD = "gnu++17";
				CLANG_ENABLE_MODULES = YES;
				CLANG_ENABLE_OBJC_ARC = YES;
				CLANG_ENABLE_OBJC_WEAK = YES;
				CLANG_WARN_BLOCK_CAPTURE_AUTORELEASING = YES;
				CLANG_WARN_BOOL_CONVERSION = YES;
				CLANG_WARN_COMMA = YES;
				CLANG_WARN_CONSTANT_CONVERSION = YES;
				CLANG_WARN_DEPRECATED_OBJC_IMPLEMENTATIONS = YES;
				CLANG_WARN_DIRECT_OBJC_ISA_USAGE = YES_ERROR;
				CLANG_WARN_DOCUMENTATION_COMMENTS = YES;
				CLANG_WARN_EMPTY_BODY = YES;
				CLANG_WARN_ENUM_CONVERSION = YES;
				CLANG_WARN_INFINITE_RECURSION = YES;
				CLANG_WARN_INT_CONVERSION = YES;
				CLANG_WARN_NON_LITERAL_NULL_CONVERSION = YES;
				CLANG_WARN_OBJC_IMPLICIT_RETAIN_SELF = YES;
				CLANG_WARN_OBJC_LITERAL_CONVERSION = YES;
				CLANG_WARN_OBJC_ROOT_CLASS = YES_ERROR;
				CLANG_WARN_QUOTED_INCLUDE_IN_FRAMEWORK_HEADER = YES;
				CLANG_WARN_RANGE_LOOP_ANALYSIS = YES;
				CLANG_WARN_STRICT_PROTOTYPES = YES;
				CLANG_WARN_SUSPICIOUS_MOVE = YES;
				CLANG_WARN_UNGUARDED_AVAILABILITY = YES_AGGRESSIVE;
				CLANG_WARN_UNREACHABLE_CODE = YES;
				CLANG_WARN__DUPLICATE_METHOD_MATCH = YES;
				COPY_PHASE_STRIP = NO;
				DEBUG_INFORMATION_FORMAT = "dwarf-with-dsym";
				ENABLE_NS_ASSERTIONS = NO;
				ENABLE_STRICT_OBJC_MSGSEND = YES;
				GCC_C_LANGUAGE_STANDARD = gnu11;
				GCC_NO_COMMON_BLOCKS = YES;
				GCC_WARN_64_TO_32_BIT_CONVERSION = YES;
				GCC_WARN_ABOUT_RETURN_TYPE = YES_ERROR;
				GCC_WARN_UNDECLARED_SELECTOR = YES;
				GCC_WARN_UNINITIALIZED_AUTOS = YES_AGGRESSIVE;
				GCC_WARN_UNUSED_FUNCTION = YES;
				GCC_WARN_UNUSED_VARIABLE = YES;
				IPHONEOS_DEPLOYMENT_TARGET = 15.5;
				MTL_ENABLE_DEBUG_INFO = NO;
				MTL_FAST_MATH = YES;
				SDKROOT = iphoneos;
				SWIFT_COMPILATION_MODE = wholemodule;
				SWIFT_OPTIMIZATION_LEVEL = "-O";
				VALIDATE_PRODUCT = YES;
			};
			name = Release;
		};
		ECD604962859A17700499BFF /* Debug */ = {
			isa = XCBuildConfiguration;
			buildSettings = {
				ASSETCATALOG_COMPILER_APPICON_NAME = AppIcon;
				ASSETCATALOG_COMPILER_GLOBAL_ACCENT_COLOR_NAME = AccentColor;
				CODE_SIGN_STYLE = Automatic;
				CURRENT_PROJECT_VERSION = 1;
				DEVELOPMENT_TEAM = DF4LH6954F;
				GENERATE_INFOPLIST_FILE = YES;
				INFOPLIST_FILE = "Estee Lauder Challenge/Info.plist";
				INFOPLIST_KEY_UIApplicationSupportsIndirectInputEvents = YES;
				INFOPLIST_KEY_UILaunchStoryboardName = LaunchScreen;
				INFOPLIST_KEY_UIMainStoryboardFile = Main;
				INFOPLIST_KEY_UISupportedInterfaceOrientations_iPad = "UIInterfaceOrientationPortrait UIInterfaceOrientationPortraitUpsideDown UIInterfaceOrientationLandscapeLeft UIInterfaceOrientationLandscapeRight";
				INFOPLIST_KEY_UISupportedInterfaceOrientations_iPhone = "UIInterfaceOrientationPortrait UIInterfaceOrientationLandscapeLeft UIInterfaceOrientationLandscapeRight";
				LD_RUNPATH_SEARCH_PATHS = (
					"$(inherited)",
					"@executable_path/Frameworks",
				);
				MARKETING_VERSION = 1.0;
				PRODUCT_BUNDLE_IDENTIFIER = "Sophia-Zhao.Estee-Lauder-Challenge";
				PRODUCT_NAME = "$(TARGET_NAME)";
				SWIFT_EMIT_LOC_STRINGS = YES;
				SWIFT_VERSION = 5.0;
				TARGETED_DEVICE_FAMILY = "1,2";
			};
			name = Debug;
		};
		ECD604972859A17700499BFF /* Release */ = {
			isa = XCBuildConfiguration;
			buildSettings = {
				ASSETCATALOG_COMPILER_APPICON_NAME = AppIcon;
				ASSETCATALOG_COMPILER_GLOBAL_ACCENT_COLOR_NAME = AccentColor;
				CODE_SIGN_STYLE = Automatic;
				CURRENT_PROJECT_VERSION = 1;
				DEVELOPMENT_TEAM = DF4LH6954F;
				GENERATE_INFOPLIST_FILE = YES;
				INFOPLIST_FILE = "Estee Lauder Challenge/Info.plist";
				INFOPLIST_KEY_UIApplicationSupportsIndirectInputEvents = YES;
				INFOPLIST_KEY_UILaunchStoryboardName = LaunchScreen;
				INFOPLIST_KEY_UIMainStoryboardFile = Main;
				INFOPLIST_KEY_UISupportedInterfaceOrientations_iPad = "UIInterfaceOrientationPortrait UIInterfaceOrientationPortraitUpsideDown UIInterfaceOrientationLandscapeLeft UIInterfaceOrientationLandscapeRight";
				INFOPLIST_KEY_UISupportedInterfaceOrientations_iPhone = "UIInterfaceOrientationPortrait UIInterfaceOrientationLandscapeLeft UIInterfaceOrientationLandscapeRight";
				LD_RUNPATH_SEARCH_PATHS = (
					"$(inherited)",
					"@executable_path/Frameworks",
				);
				MARKETING_VERSION = 1.0;
				PRODUCT_BUNDLE_IDENTIFIER = "Sophia-Zhao.Estee-Lauder-Challenge";
				PRODUCT_NAME = "$(TARGET_NAME)";
				SWIFT_EMIT_LOC_STRINGS = YES;
				SWIFT_VERSION = 5.0;
				TARGETED_DEVICE_FAMILY = "1,2";
			};
			name = Release;
		};
/* End XCBuildConfiguration section */

/* Begin XCConfigurationList section */
		ECD604792859A17600499BFF /* Build configuration list for PBXProject "Estee Lauder Challenge" */ = {
			isa = XCConfigurationList;
			buildConfigurations = (
				ECD604932859A17700499BFF /* Debug */,
				ECD604942859A17700499BFF /* Release */,
			);
			defaultConfigurationIsVisible = 0;
			defaultConfigurationName = Release;
		};
		ECD604952859A17700499BFF /* Build configuration list for PBXNativeTarget "Estee Lauder Challenge" */ = {
			isa = XCConfigurationList;
			buildConfigurations = (
				ECD604962859A17700499BFF /* Debug */,
				ECD604972859A17700499BFF /* Release */,
			);
			defaultConfigurationIsVisible = 0;
			defaultConfigurationName = Release;
		};
/* End XCConfigurationList section */

/* Begin XCVersionGroup section */
		ECD6048A2859A17600499BFF /* Estee_Lauder_Challenge.xcdatamodeld */ = {
			isa = XCVersionGroup;
			children = (
				ECD6048B2859A17600499BFF /* Estee_Lauder_Challenge.xcdatamodel */,
			);
			currentVersion = ECD6048B2859A17600499BFF /* Estee_Lauder_Challenge.xcdatamodel */;
			path = Estee_Lauder_Challenge.xcdatamodeld;
			sourceTree = "<group>";
			versionGroupType = wrapper.xcdatamodel;
		};
/* End XCVersionGroup section */
	};
	rootObject = ECD604762859A17600499BFF /* Project object */;
}
